// !$*UTF8*$!
{
	archiveVersion = 1;
	classes = {
	};
	objectVersion = 46;
	objects = {

/* Begin PBXBuildFile section */
		DBCE0BD91DD0B2B30076CF94 /* AppDelegate.swift in Sources */ = {isa = PBXBuildFile; fileRef = DBCE0BD81DD0B2B30076CF94 /* AppDelegate.swift */; };
		DBCE0BDB1DD0B2B30076CF94 /* ViewController.swift in Sources */ = {isa = PBXBuildFile; fileRef = DBCE0BDA1DD0B2B30076CF94 /* ViewController.swift */; };
		DBCE0BDE1DD0B2B30076CF94 /* Main.storyboard in Resources */ = {isa = PBXBuildFile; fileRef = DBCE0BDC1DD0B2B30076CF94 /* Main.storyboard */; };
		DBCE0BE01DD0B2B30076CF94 /* Assets.xcassets in Resources */ = {isa = PBXBuildFile; fileRef = DBCE0BDF1DD0B2B30076CF94 /* Assets.xcassets */; };
		DBCE0BE31DD0B2B30076CF94 /* LaunchScreen.storyboard in Resources */ = {isa = PBXBuildFile; fileRef = DBCE0BE11DD0B2B30076CF94 /* LaunchScreen.storyboard */; };
/* End PBXBuildFile section */

/* Begin PBXFileReference section */
		DBCE0BD51DD0B2B30076CF94 /* TouchTracker.app */ = {isa = PBXFileReference; explicitFileType = wrapper.application; includeInIndex = 0; path = TouchTracker.app; sourceTree = BUILT_PRODUCTS_DIR; };
		DBCE0BD81DD0B2B30076CF94 /* AppDelegate.swift */ = {isa = PBXFileReference; lastKnownFileType = sourcecode.swift; path = AppDelegate.swift; sourceTree = "<group>"; };
		DBCE0BDA1DD0B2B30076CF94 /* ViewController.swift */ = {isa = PBXFileReference; lastKnownFileType = sourcecode.swift; path = ViewController.swift; sourceTree = "<group>"; };
		DBCE0BDD1DD0B2B30076CF94 /* Base */ = {isa = PBXFileReference; lastKnownFileType = file.storyboard; name = Base; path = Base.lproj/Main.storyboard; sourceTree = "<group>"; };
		DBCE0BDF1DD0B2B30076CF94 /* Assets.xcassets */ = {isa = PBXFileReference; lastKnownFileType = folder.assetcatalog; path = Assets.xcassets; sourceTree = "<group>"; };
		DBCE0BE21DD0B2B30076CF94 /* Base */ = {isa = PBXFileReference; lastKnownFileType = file.storyboard; name = Base; path = Base.lproj/LaunchScreen.storyboard; sourceTree = "<group>"; };
		DBCE0BE41DD0B2B30076CF94 /* Info.plist */ = {isa = PBXFileReference; lastKnownFileType = text.plist.xml; path = Info.plist; sourceTree = "<group>"; };
/* End PBXFileReference section */

/* Begin PBXFrameworksBuildPhase section */
		DBCE0BD21DD0B2B30076CF94 /* Frameworks */ = {
			isa = PBXFrameworksBuildPhase;
			buildActionMask = 2147483647;
			files = (
			);
			runOnlyForDeploymentPostprocessing = 0;
		};
/* End PBXFrameworksBuildPhase section */

/* Begin PBXGroup section */
		DBCE0BCC1DD0B2B30076CF94 = {
			isa = PBXGroup;
			children = (
				DBCE0BD71DD0B2B30076CF94 /* TouchTracker */,
				DBCE0BD61DD0B2B30076CF94 /* Products */,
			);
			sourceTree = "<group>";
		};
		DBCE0BD61DD0B2B30076CF94 /* Products */ = {
			isa = PBXGroup;
			children = (
				DBCE0BD51DD0B2B30076CF94 /* TouchTracker.app */,
			);
			name = Products;
			sourceTree = "<group>";
		};
		DBCE0BD71DD0B2B30076CF94 /* TouchTracker */ = {
			isa = PBXGroup;
			children = (
				DBCE0BD81DD0B2B30076CF94 /* AppDelegate.swift */,
				DBCE0BDA1DD0B2B30076CF94 /* ViewController.swift */,
				DBCE0BDC1DD0B2B30076CF94 /* Main.storyboard */,
				DBCE0BDF1DD0B2B30076CF94 /* Assets.xcassets */,
				DBCE0BE11DD0B2B30076CF94 /* LaunchScreen.storyboard */,
				DBCE0BE41DD0B2B30076CF94 /* Info.plist */,
			);
			path = TouchTracker;
			sourceTree = "<group>";
		};
/* End PBXGroup section */

/* Begin PBXNativeTarget section */
		DBCE0BD41DD0B2B30076CF94 /* TouchTracker */ = {
			isa = PBXNativeTarget;
			buildConfigurationList = DBCE0BE71DD0B2B30076CF94 /* Build configuration list for PBXNativeTarget "TouchTracker" */;
			buildPhases = (
				DBCE0BD11DD0B2B30076CF94 /* Sources */,
				DBCE0BD21DD0B2B30076CF94 /* Frameworks */,
				DBCE0BD31DD0B2B30076CF94 /* Resources */,
			);
			buildRules = (
			);
			dependencies = (
			);
			name = TouchTracker;
			productName = TouchTracker;
			productReference = DBCE0BD51DD0B2B30076CF94 /* TouchTracker.app */;
			productType = "com.apple.product-type.application";
		};
/* End PBXNativeTarget section */

/* Begin PBXProject section */
		DBCE0BCD1DD0B2B30076CF94 /* Project object */ = {
			isa = PBXProject;
			attributes = {
				LastSwiftUpdateCheck = 0730;
				LastUpgradeCheck = 0730;
				ORGANIZATIONNAME = "Big Nerd Ranch";
				TargetAttributes = {
					DBCE0BD41DD0B2B30076CF94 = {
						CreatedOnToolsVersion = 7.3.1;
					};
				};
			};
			buildConfigurationList = DBCE0BD01DD0B2B30076CF94 /* Build configuration list for PBXProject "TouchTracker" */;
			compatibilityVersion = "Xcode 3.2";
			developmentRegion = English;
			hasScannedForEncodings = 0;
			knownRegions = (
				en,
				Base,
			);
			mainGroup = DBCE0BCC1DD0B2B30076CF94;
			productRefGroup = DBCE0BD61DD0B2B30076CF94 /* Products */;
			projectDirPath = "";
			projectRoot = "";
			targets = (
				DBCE0BD41DD0B2B30076CF94 /* TouchTracker */,
			);
		};
/* End PBXProject section */

/* Begin PBXResourcesBuildPhase section */
		DBCE0BD31DD0B2B30076CF94 /* Resources */ = {
			isa = PBXResourcesBuildPhase;
			buildActionMask = 2147483647;
			files = (
				DBCE0BE31DD0B2B30076CF94 /* LaunchScreen.storyboard in Resources */,
				DBCE0BE01DD0B2B30076CF94 /* Assets.xcassets in Resources */,
				DBCE0BDE1DD0B2B30076CF94 /* Main.storyboard in Resources */,
			);
			runOnlyForDeploymentPostprocessing = 0;
		};
/* End PBXResourcesBuildPhase section */

/* Begin PBXSourcesBuildPhase section */
		DBCE0BD11DD0B2B30076CF94 /* Sources */ = {
			isa = PBXSourcesBuildPhase;
			buildActionMask = 2147483647;
			files = (
				DBCE0BDB1DD0B2B30076CF94 /* ViewController.swift in Sources */,
				DBCE0BD91DD0B2B30076CF94 /* AppDelegate.swift in Sources */,
			);
			runOnlyForDeploymentPostprocessing = 0;
		};
/* End PBXSourcesBuildPhase section */

/* Begin PBXVariantGroup section */
		DBCE0BDC1DD0B2B30076CF94 /* Main.storyboard */ = {
			isa = PBXVariantGroup;
			children = (
				DBCE0BDD1DD0B2B30076CF94 /* Base */,
			);
			name = Main.storyboard;
			sourceTree = "<group>";
		};
		DBCE0BE11DD0B2B30076CF94 /* LaunchScreen.storyboard */ = {
			isa = PBXVariantGroup;
			children = (
				DBCE0BE21DD0B2B30076CF94 /* Base */,
			);
			name = LaunchScreen.storyboard;
			sourceTree = "<group>";
		};
/* End PBXVariantGroup section */

/* Begin XCBuildConfiguration section */
		DBCE0BE51DD0B2B30076CF94 /* Debug */ = {
			isa = XCBuildConfiguration;
			buildSettings = {
				ALWAYS_SEARCH_USER_PATHS = NO;
				CLANG_ANALYZER_NONNULL = YES;
				CLANG_CXX_LANGUAGE_STANDARD = "gnu++0x";
				CLANG_CXX_LIBRARY = "libc++";
				CLANG_ENABLE_MODULES = YES;
				CLANG_ENABLE_OBJC_ARC = YES;
				CLANG_WARN_BOOL_CONVERSION = YES;
				CLANG_WARN_CONSTANT_CONVERSION = YES;
				CLANG_WARN_DIRECT_OBJC_ISA_USAGE = YES_ERROR;
				CLANG_WARN_EMPTY_BODY = YES;
				CLANG_WARN_ENUM_CONVERSION = YES;
				CLANG_WARN_INT_CONVERSION = YES;
				CLANG_WARN_OBJC_ROOT_CLASS = YES_ERROR;
				CLANG_WARN_UNREACHABLE_CODE = YES;
				CLANG_WARN__DUPLICATE_METHOD_MATCH = YES;
				"CODE_SIGN_IDENTITY[sdk=iphoneos*]" = "iPhone Developer";
				COPY_PHASE_STRIP = NO;
				DEBUG_INFORMATION_FORMAT = dwarf;
				ENABLE_STRICT_OBJC_MSGSEND = YES;
				ENABLE_TESTABILITY = YES;
				GCC_C_LANGUAGE_STANDARD = gnu99;
				GCC_DYNAMIC_NO_PIC = NO;
				GCC_NO_COMMON_BLOCKS = YES;
				GCC_OPTIMIZATION_LEVEL = 0;
				GCC_PREPROCESSOR_DEFINITIONS = (
					"DEBUG=1",
					"$(inherited)",
				);
				GCC_WARN_64_TO_32_BIT_CONVERSION = YES;
				GCC_WARN_ABOUT_RETURN_TYPE = YES_ERROR;
				GCC_WARN_UNDECLARED_SELECTOR = YES;
				GCC_WARN_UNINITIALIZED_AUTOS = YES_AGGRESSIVE;
				GCC_WARN_UNUSED_FUNCTION = YES;
				GCC_WARN_UNUSED_VARIABLE = YES;
				IPHONEOS_DEPLOYMENT_TARGET = 9.3;
				MTL_ENABLE_DEBUG_INFO = YES;
				ONLY_ACTIVE_ARCH = YES;
				SDKROOT = iphoneos;
				SWIFT_OPTIMIZATION_LEVEL = "-Onone";
			};
			name = Debug;
		};
		DBCE0BE61DD0B2B30076CF94 /* Release */ = {
			isa = XCBuildConfiguration;
			buildSettings = {
				ALWAYS_SEARCH_USER_PATHS = NO;
				CLANG_ANALYZER_NONNULL = YES;
				CLANG_CXX_LANGUAGE_STANDARD = "gnu++0x";
				CLANG_CXX_LIBRARY = "libc++";
				CLANG_ENABLE_MODULES = YES;
				CLANG_ENABLE_OBJC_ARC = YES;
				CLANG_WARN_BOOL_CONVERSION = YES;
				CLANG_WARN_CONSTANT_CONVERSION = YES;
				CLANG_WARN_DIRECT_OBJC_ISA_USAGE = YES_ERROR;
				CLANG_WARN_EMPTY_BODY = YES;
				CLANG_WARN_ENUM_CONVERSION = YES;
				CLANG_WARN_INT_CONVERSION = YES;
				CLANG_WARN_OBJC_ROOT_CLASS = YES_ERROR;
				CLANG_WARN_UNREACHABLE_CODE = YES;
				CLANG_WARN__DUPLICATE_METHOD_MATCH = YES;
				"CODE_SIGN_IDENTITY[sdk=iphoneos*]" = "iPhone Developer";
				COPY_PHASE_STRIP = NO;
				DEBUG_INFORMATION_FORMAT = "dwarf-with-dsym";
				ENABLE_NS_ASSERTIONS = NO;
				ENABLE_STRICT_OBJC_MSGSEND = YES;
				GCC_C_LANGUAGE_STANDARD = gnu99;
				GCC_NO_COMMON_BLOCKS = YES;
				GCC_WARN_64_TO_32_BIT_CONVERSION = YES;
				GCC_WARN_ABOUT_RETURN_TYPE = YES_ERROR;
				GCC_WARN_UNDECLARED_SELECTOR = YES;
				GCC_WARN_UNINITIALIZED_AUTOS = YES_AGGRESSIVE;
				GCC_WARN_UNUSED_FUNCTION = YES;
				GCC_WARN_UNUSED_VARIABLE = YES;
				IPHONEOS_DEPLOYMENT_TARGET = 9.3;
				MTL_ENABLE_DEBUG_INFO = NO;
				SDKROOT = iphoneos;
				VALIDATE_PRODUCT = YES;
			};
			name = Release;
		};
		DBCE0BE81DD0B2B30076CF94 /* Debug */ = {
			isa = XCBuildConfiguration;
			buildSettings = {
				ASSETCATALOG_COMPILER_APPICON_NAME = AppIcon;
				INFOPLIST_FILE = TouchTracker/Info.plist;
				LD_RUNPATH_SEARCH_PATHS = "$(inherited) @executable_path/Frameworks";
				PRODUCT_BUNDLE_IDENTIFIER = com.bignerdranch.TouchTracker;
				PRODUCT_NAME = "$(TARGET_NAME)";
			};
			name = Debug;
		};
		DBCE0BE91DD0B2B30076CF94 /* Release */ = {
			isa = XCBuildConfiguration;
			buildSettings = {
				ASSETCATALOG_COMPILER_APPICON_NAME = AppIcon;
				INFOPLIST_FILE = TouchTracker/Info.plist;
				LD_RUNPATH_SEARCH_PATHS = "$(inherited) @executable_path/Frameworks";
				PRODUCT_BUNDLE_IDENTIFIER = com.bignerdranch.TouchTracker;
				PRODUCT_NAME = "$(TARGET_NAME)";
			};
			name = Release;
		};
/* End XCBuildConfiguration section */

/* Begin XCConfigurationList section */
		DBCE0BD01DD0B2B30076CF94 /* Build configuration list for PBXProject "TouchTracker" */ = {
			isa = XCConfigurationList;
			buildConfigurations = (
				DBCE0BE51DD0B2B30076CF94 /* Debug */,
				DBCE0BE61DD0B2B30076CF94 /* Release */,
			);
			defaultConfigurationIsVisible = 0;
			defaultConfigurationName = Release;
		};
		DBCE0BE71DD0B2B30076CF94 /* Build configuration list for PBXNativeTarget "TouchTracker" */ = {
			isa = XCConfigurationList;
			buildConfigurations = (
				DBCE0BE81DD0B2B30076CF94 /* Debug */,
				DBCE0BE91DD0B2B30076CF94 /* Release */,
			);
			defaultConfigurationIsVisible = 0;
		};
/* End XCConfigurationList section */
	};
	rootObject = DBCE0BCD1DD0B2B30076CF94 /* Project object */;
}
